
Microsoft Visual Studio Solution File, Format Version 12.00
# Visual Studio Version 16
VisualStudioVersion = 16.0.29519.181
MinimumVisualStudioVersion = 10.0.40219.1
Project("{FAE04EC0-301F-11D3-BF4B-00C04F79EFBC}") = "BaitapLad02Bai1", "BaitapLad02Bai1\BaitapLad02Bai1.csproj", "{1651A0BA-040E-4E48-B618-746B056B7E4F}"
EndProject
Project("{FAE04EC0-301F-11D3-BF4B-00C04F79EFBC}") = "Lab03_02", "Lab03_02\Lab03_02.csproj", "{DA35E585-F180-4C42-BF60-85D61B49DB92}"
EndProject
Global
	GlobalSection(SolutionConfigurationPlatforms) = preSolution
		Debug|Any CPU = Debug|Any CPU
		Release|Any CPU = Release|Any CPU
	EndGlobalSection
	GlobalSection(ProjectConfigurationPlatforms) = postSolution
		{1651A0BA-040E-4E48-B618-746B056B7E4F}.Debug|Any CPU.ActiveCfg = Debug|Any CPU
		{1651A0BA-040E-4E48-B618-746B056B7E4F}.Debug|Any CPU.Build.0 = Debug|Any CPU
		{1651A0BA-040E-4E48-B618-746B056B7E4F}.Release|Any CPU.ActiveCfg = Release|Any CPU
		{1651A0BA-040E-4E48-B618-746B056B7E4F}.Release|Any CPU.Build.0 = Release|Any CPU
		{DA35E585-F180-4C42-BF60-85D61B49DB92}.Debug|Any CPU.ActiveCfg = Debug|Any CPU
		{DA35E585-F180-4C42-BF60-85D61B49DB92}.Debug|Any CPU.Build.0 = Debug|Any CPU
		{DA35E585-F180-4C42-BF60-85D61B49DB92}.Release|Any CPU.ActiveCfg = Release|Any CPU
		{DA35E585-F180-4C42-BF60-85D61B49DB92}.Release|Any CPU.Build.0 = Release|Any CPU
	EndGlobalSection
	GlobalSection(SolutionProperties) = preSolution
		HideSolutionNode = FALSE
	EndGlobalSection
	GlobalSection(ExtensibilityGlobals) = postSolution
		SolutionGuid = {9AE13077-E795-4EF1-A8FB-AADA6C133CAB}
	EndGlobalSection
EndGlobal
